
Microsoft Visual Studio Solution File, Format Version 12.00
# Visual Studio Version 16
VisualStudioVersion = 16.0.30309.148
MinimumVisualStudioVersion = 10.0.40219.1
Project("{9A19103F-16F7-4668-BE54-9A1E7A4F7556}") = "PieShop.App", "PieShop.App\PieShop.App.csproj", "{51CB1D21-DCBC-4CF6-A558-DCA9A67D56F4}"
EndProject
Project("{9A19103F-16F7-4668-BE54-9A1E7A4F7556}") = "BethanysPieShopHRM.Shared", "BethanysPieShopHRM.Shared\BethanysPieShopHRM.Shared.csproj", "{C970D978-F97E-4A25-963A-28893DAEE9D1}"
EndProject
Project("{9A19103F-16F7-4668-BE54-9A1E7A4F7556}") = "BethanysPieShopHRM.Api", "BethanysPieShopHRM.Api\BethanysPieShopHRM.Api.csproj", "{A197AE27-1E4E-443D-A1D2-D06F8C401A57}"
EndProject
Global
	GlobalSection(SolutionConfigurationPlatforms) = preSolution
		Debug|Any CPU = Debug|Any CPU
		Release|Any CPU = Release|Any CPU
	EndGlobalSection
	GlobalSection(ProjectConfigurationPlatforms) = postSolution
		{51CB1D21-DCBC-4CF6-A558-DCA9A67D56F4}.Debug|Any CPU.ActiveCfg = Debug|Any CPU
		{51CB1D21-DCBC-4CF6-A558-DCA9A67D56F4}.Debug|Any CPU.Build.0 = Debug|Any CPU
		{51CB1D21-DCBC-4CF6-A558-DCA9A67D56F4}.Release|Any CPU.ActiveCfg = Release|Any CPU
		{51CB1D21-DCBC-4CF6-A558-DCA9A67D56F4}.Release|Any CPU.Build.0 = Release|Any CPU
		{C970D978-F97E-4A25-963A-28893DAEE9D1}.Debug|Any CPU.ActiveCfg = Debug|Any CPU
		{C970D978-F97E-4A25-963A-28893DAEE9D1}.Debug|Any CPU.Build.0 = Debug|Any CPU
		{C970D978-F97E-4A25-963A-28893DAEE9D1}.Release|Any CPU.ActiveCfg = Release|Any CPU
		{C970D978-F97E-4A25-963A-28893DAEE9D1}.Release|Any CPU.Build.0 = Release|Any CPU
		{A197AE27-1E4E-443D-A1D2-D06F8C401A57}.Debug|Any CPU.ActiveCfg = Debug|Any CPU
		{A197AE27-1E4E-443D-A1D2-D06F8C401A57}.Debug|Any CPU.Build.0 = Debug|Any CPU
		{A197AE27-1E4E-443D-A1D2-D06F8C401A57}.Release|Any CPU.ActiveCfg = Release|Any CPU
		{A197AE27-1E4E-443D-A1D2-D06F8C401A57}.Release|Any CPU.Build.0 = Release|Any CPU
	EndGlobalSection
	GlobalSection(SolutionProperties) = preSolution
		HideSolutionNode = FALSE
	EndGlobalSection
	GlobalSection(ExtensibilityGlobals) = postSolution
		SolutionGuid = {991BA8B0-ECE3-40A4-8D39-38ACA981F1E9}
	EndGlobalSection
EndGlobal
